// !$*UTF8*$!
{
	archiveVersion = 1;
	classes = {
	};
	objectVersion = 56;
	objects = {

/* Begin PBXBuildFile section */
		401511AD2A2BBC5000CB89FE /* XsAndOsApp.swift in Sources */ = {isa = PBXBuildFile; fileRef = 401511AC2A2BBC5000CB89FE /* XsAndOsApp.swift */; };
		401511B12A2BBC5200CB89FE /* Assets.xcassets in Resources */ = {isa = PBXBuildFile; fileRef = 401511B02A2BBC5200CB89FE /* Assets.xcassets */; };
		401511B42A2BBC5200CB89FE /* Preview Assets.xcassets in Resources */ = {isa = PBXBuildFile; fileRef = 401511B32A2BBC5200CB89FE /* Preview Assets.xcassets */; };
		401511BB2A2BBDB600CB89FE /* Launch Screen.storyboard in Resources */ = {isa = PBXBuildFile; fileRef = 401511BA2A2BBDB600CB89FE /* Launch Screen.storyboard */; };
		401511BD2A2BBEAB00CB89FE /* StartView.swift in Sources */ = {isa = PBXBuildFile; fileRef = 401511BC2A2BBEAB00CB89FE /* StartView.swift */; };
		401511C02A2BBF2800CB89FE /* GameModels.swift in Sources */ = {isa = PBXBuildFile; fileRef = 401511BF2A2BBF2800CB89FE /* GameModels.swift */; };
		401511C32A2BCB9100CB89FE /* ViewModifiers.swift in Sources */ = {isa = PBXBuildFile; fileRef = 401511C22A2BCB9100CB89FE /* ViewModifiers.swift */; };
		401511C62A2BCC8500CB89FE /* GameView.swift in Sources */ = {isa = PBXBuildFile; fileRef = 401511C52A2BCC8500CB89FE /* GameView.swift */; };
/* End PBXBuildFile section */

/* Begin PBXFileReference section */
		401511A92A2BBC5000CB89FE /* XsAndOs.app */ = {isa = PBXFileReference; explicitFileType = wrapper.application; includeInIndex = 0; path = XsAndOs.app; sourceTree = BUILT_PRODUCTS_DIR; };
		401511AC2A2BBC5000CB89FE /* XsAndOsApp.swift */ = {isa = PBXFileReference; lastKnownFileType = sourcecode.swift; path = XsAndOsApp.swift; sourceTree = "<group>"; };
		401511B02A2BBC5200CB89FE /* Assets.xcassets */ = {isa = PBXFileReference; lastKnownFileType = folder.assetcatalog; path = Assets.xcassets; sourceTree = "<group>"; };
		401511B32A2BBC5200CB89FE /* Preview Assets.xcassets */ = {isa = PBXFileReference; lastKnownFileType = folder.assetcatalog; path = "Preview Assets.xcassets"; sourceTree = "<group>"; };
		401511BA2A2BBDB600CB89FE /* Launch Screen.storyboard */ = {isa = PBXFileReference; lastKnownFileType = file.storyboard; path = "Launch Screen.storyboard"; sourceTree = "<group>"; };
		401511BC2A2BBEAB00CB89FE /* StartView.swift */ = {isa = PBXFileReference; lastKnownFileType = sourcecode.swift; path = StartView.swift; sourceTree = "<group>"; };
		401511BF2A2BBF2800CB89FE /* GameModels.swift */ = {isa = PBXFileReference; lastKnownFileType = sourcecode.swift; path = GameModels.swift; sourceTree = "<group>"; };
		401511C22A2BCB9100CB89FE /* ViewModifiers.swift */ = {isa = PBXFileReference; lastKnownFileType = sourcecode.swift; path = ViewModifiers.swift; sourceTree = "<group>"; };
		401511C52A2BCC8500CB89FE /* GameView.swift */ = {isa = PBXFileReference; lastKnownFileType = sourcecode.swift; path = GameView.swift; sourceTree = "<group>"; };
/* End PBXFileReference section */

/* Begin PBXFrameworksBuildPhase section */
		401511A62A2BBC5000CB89FE /* Frameworks */ = {
			isa = PBXFrameworksBuildPhase;
			buildActionMask = 2147483647;
			files = (
			);
			runOnlyForDeploymentPostprocessing = 0;
		};
/* End PBXFrameworksBuildPhase section */

/* Begin PBXGroup section */
		401511A02A2BBC5000CB89FE = {
			isa = PBXGroup;
			children = (
				401511AB2A2BBC5000CB89FE /* XsAndOs */,
				401511AA2A2BBC5000CB89FE /* Products */,
			);
			sourceTree = "<group>";
		};
		401511AA2A2BBC5000CB89FE /* Products */ = {
			isa = PBXGroup;
			children = (
				401511A92A2BBC5000CB89FE /* XsAndOs.app */,
			);
			name = Products;
			sourceTree = "<group>";
		};
		401511AB2A2BBC5000CB89FE /* XsAndOs */ = {
			isa = PBXGroup;
			children = (
				401511C42A2BCC7A00CB89FE /* GameScreen */,
				401511C12A2BCB7400CB89FE /* Utilities */,
				401511BE2A2BBF1A00CB89FE /* Models */,
				401511AC2A2BBC5000CB89FE /* XsAndOsApp.swift */,
				401511BC2A2BBEAB00CB89FE /* StartView.swift */,
				401511BA2A2BBDB600CB89FE /* Launch Screen.storyboard */,
				401511B02A2BBC5200CB89FE /* Assets.xcassets */,
				401511B22A2BBC5200CB89FE /* Preview Content */,
			);
			path = XsAndOs;
			sourceTree = "<group>";
		};
		401511B22A2BBC5200CB89FE /* Preview Content */ = {
			isa = PBXGroup;
			children = (
				401511B32A2BBC5200CB89FE /* Preview Assets.xcassets */,
			);
			path = "Preview Content";
			sourceTree = "<group>";
		};
		401511BE2A2BBF1A00CB89FE /* Models */ = {
			isa = PBXGroup;
			children = (
				401511BF2A2BBF2800CB89FE /* GameModels.swift */,
			);
			path = Models;
			sourceTree = "<group>";
		};
		401511C12A2BCB7400CB89FE /* Utilities */ = {
			isa = PBXGroup;
			children = (
				401511C22A2BCB9100CB89FE /* ViewModifiers.swift */,
			);
			path = Utilities;
			sourceTree = "<group>";
		};
		401511C42A2BCC7A00CB89FE /* GameScreen */ = {
			isa = PBXGroup;
			children = (
				401511C52A2BCC8500CB89FE /* GameView.swift */,
			);
			path = GameScreen;
			sourceTree = "<group>";
		};
/* End PBXGroup section */

/* Begin PBXNativeTarget section */
		401511A82A2BBC5000CB89FE /* XsAndOs */ = {
			isa = PBXNativeTarget;
			buildConfigurationList = 401511B72A2BBC5200CB89FE /* Build configuration list for PBXNativeTarget "XsAndOs" */;
			buildPhases = (
				401511A52A2BBC5000CB89FE /* Sources */,
				401511A62A2BBC5000CB89FE /* Frameworks */,
				401511A72A2BBC5000CB89FE /* Resources */,
			);
			buildRules = (
			);
			dependencies = (
			);
			name = XsAndOs;
			productName = XsAndOs;
			productReference = 401511A92A2BBC5000CB89FE /* XsAndOs.app */;
			productType = "com.apple.product-type.application";
		};
/* End PBXNativeTarget section */

/* Begin PBXProject section */
		401511A12A2BBC5000CB89FE /* Project object */ = {
			isa = PBXProject;
			attributes = {
				BuildIndependentTargetsInParallel = 1;
				LastSwiftUpdateCheck = 1430;
				LastUpgradeCheck = 1430;
				TargetAttributes = {
					401511A82A2BBC5000CB89FE = {
						CreatedOnToolsVersion = 14.3;
					};
				};
			};
			buildConfigurationList = 401511A42A2BBC5000CB89FE /* Build configuration list for PBXProject "XsAndOs" */;
			compatibilityVersion = "Xcode 14.0";
			developmentRegion = en;
			hasScannedForEncodings = 0;
			knownRegions = (
				en,
				Base,
			);
			mainGroup = 401511A02A2BBC5000CB89FE;
			productRefGroup = 401511AA2A2BBC5000CB89FE /* Products */;
			projectDirPath = "";
			projectRoot = "";
			targets = (
				401511A82A2BBC5000CB89FE /* XsAndOs */,
			);
		};
/* End PBXProject section */

/* Begin PBXResourcesBuildPhase section */
		401511A72A2BBC5000CB89FE /* Resources */ = {
			isa = PBXResourcesBuildPhase;
			buildActionMask = 2147483647;
			files = (
				401511BB2A2BBDB600CB89FE /* Launch Screen.storyboard in Resources */,
				401511B42A2BBC5200CB89FE /* Preview Assets.xcassets in Resources */,
				401511B12A2BBC5200CB89FE /* Assets.xcassets in Resources */,
			);
			runOnlyForDeploymentPostprocessing = 0;
		};
/* End PBXResourcesBuildPhase section */

/* Begin PBXSourcesBuildPhase section */
		401511A52A2BBC5000CB89FE /* Sources */ = {
			isa = PBXSourcesBuildPhase;
			buildActionMask = 2147483647;
			files = (
				401511AD2A2BBC5000CB89FE /* XsAndOsApp.swift in Sources */,
				401511C02A2BBF2800CB89FE /* GameModels.swift in Sources */,
				401511BD2A2BBEAB00CB89FE /* StartView.swift in Sources */,
				401511C32A2BCB9100CB89FE /* ViewModifiers.swift in Sources */,
				401511C62A2BCC8500CB89FE /* GameView.swift in Sources */,
			);
			runOnlyForDeploymentPostprocessing = 0;
		};
/* End PBXSourcesBuildPhase section */

/* Begin XCBuildConfiguration section */
		401511B52A2BBC5200CB89FE /* Debug */ = {
			isa = XCBuildConfiguration;
			buildSettings = {
				ALWAYS_SEARCH_USER_PATHS = NO;
				CLANG_ANALYZER_NONNULL = YES;
				CLANG_ANALYZER_NUMBER_OBJECT_CONVERSION = YES_AGGRESSIVE;
				CLANG_CXX_LANGUAGE_STANDARD = "gnu++20";
				CLANG_ENABLE_MODULES = YES;
				CLANG_ENABLE_OBJC_ARC = YES;
				CLANG_ENABLE_OBJC_WEAK = YES;
				CLANG_WARN_BLOCK_CAPTURE_AUTORELEASING = YES;
				CLANG_WARN_BOOL_CONVERSION = YES;
				CLANG_WARN_COMMA = YES;
				CLANG_WARN_CONSTANT_CONVERSION = YES;
				CLANG_WARN_DEPRECATED_OBJC_IMPLEMENTATIONS = YES;
				CLANG_WARN_DIRECT_OBJC_ISA_USAGE = YES_ERROR;
				CLANG_WARN_DOCUMENTATION_COMMENTS = YES;
				CLANG_WARN_EMPTY_BODY = YES;
				CLANG_WARN_ENUM_CONVERSION = YES;
				CLANG_WARN_INFINITE_RECURSION = YES;
				CLANG_WARN_INT_CONVERSION = YES;
				CLANG_WARN_NON_LITERAL_NULL_CONVERSION = YES;
				CLANG_WARN_OBJC_IMPLICIT_RETAIN_SELF = YES;
				CLANG_WARN_OBJC_LITERAL_CONVERSION = YES;
				CLANG_WARN_OBJC_ROOT_CLASS = YES_ERROR;
				CLANG_WARN_QUOTED_INCLUDE_IN_FRAMEWORK_HEADER = YES;
				CLANG_WARN_RANGE_LOOP_ANALYSIS = YES;
				CLANG_WARN_STRICT_PROTOTYPES = YES;
				CLANG_WARN_SUSPICIOUS_MOVE = YES;
				CLANG_WARN_UNGUARDED_AVAILABILITY = YES_AGGRESSIVE;
				CLANG_WARN_UNREACHABLE_CODE = YES;
				CLANG_WARN__DUPLICATE_METHOD_MATCH = YES;
				COPY_PHASE_STRIP = NO;
				DEBUG_INFORMATION_FORMAT = dwarf;
				ENABLE_STRICT_OBJC_MSGSEND = YES;
				ENABLE_TESTABILITY = YES;
				GCC_C_LANGUAGE_STANDARD = gnu11;
				GCC_DYNAMIC_NO_PIC = NO;
				GCC_NO_COMMON_BLOCKS = YES;
				GCC_OPTIMIZATION_LEVEL = 0;
				GCC_PREPROCESSOR_DEFINITIONS = (
					"DEBUG=1",
					"$(inherited)",
				);
				GCC_WARN_64_TO_32_BIT_CONVERSION = YES;
				GCC_WARN_ABOUT_RETURN_TYPE = YES_ERROR;
				GCC_WARN_UNDECLARED_SELECTOR = YES;
				GCC_WARN_UNINITIALIZED_AUTOS = YES_AGGRESSIVE;
				GCC_WARN_UNUSED_FUNCTION = YES;
				GCC_WARN_UNUSED_VARIABLE = YES;
				IPHONEOS_DEPLOYMENT_TARGET = 16.4;
				MTL_ENABLE_DEBUG_INFO = INCLUDE_SOURCE;
				MTL_FAST_MATH = YES;
				ONLY_ACTIVE_ARCH = YES;
				SDKROOT = iphoneos;
				SWIFT_ACTIVE_COMPILATION_CONDITIONS = DEBUG;
				SWIFT_OPTIMIZATION_LEVEL = "-Onone";
			};
			name = Debug;
		};
		401511B62A2BBC5200CB89FE /* Release */ = {
			isa = XCBuildConfiguration;
			buildSettings = {
				ALWAYS_SEARCH_USER_PATHS = NO;
				CLANG_ANALYZER_NONNULL = YES;
				CLANG_ANALYZER_NUMBER_OBJECT_CONVERSION = YES_AGGRESSIVE;
				CLANG_CXX_LANGUAGE_STANDARD = "gnu++20";
				CLANG_ENABLE_MODULES = YES;
				CLANG_ENABLE_OBJC_ARC = YES;
				CLANG_ENABLE_OBJC_WEAK = YES;
				CLANG_WARN_BLOCK_CAPTURE_AUTORELEASING = YES;
				CLANG_WARN_BOOL_CONVERSION = YES;
				CLANG_WARN_COMMA = YES;
				CLANG_WARN_CONSTANT_CONVERSION = YES;
				CLANG_WARN_DEPRECATED_OBJC_IMPLEMENTATIONS = YES;
				CLANG_WARN_DIRECT_OBJC_ISA_USAGE = YES_ERROR;
				CLANG_WARN_DOCUMENTATION_COMMENTS = YES;
				CLANG_WARN_EMPTY_BODY = YES;
				CLANG_WARN_ENUM_CONVERSION = YES;
				CLANG_WARN_INFINITE_RECURSION = YES;
				CLANG_WARN_INT_CONVERSION = YES;
				CLANG_WARN_NON_LITERAL_NULL_CONVERSION = YES;
				CLANG_WARN_OBJC_IMPLICIT_RETAIN_SELF = YES;
				CLANG_WARN_OBJC_LITERAL_CONVERSION = YES;
				CLANG_WARN_OBJC_ROOT_CLASS = YES_ERROR;
				CLANG_WARN_QUOTED_INCLUDE_IN_FRAMEWORK_HEADER = YES;
				CLANG_WARN_RANGE_LOOP_ANALYSIS = YES;
				CLANG_WARN_STRICT_PROTOTYPES = YES;
				CLANG_WARN_SUSPICIOUS_MOVE = YES;
				CLANG_WARN_UNGUARDED_AVAILABILITY = YES_AGGRESSIVE;
				CLANG_WARN_UNREACHABLE_CODE = YES;
				CLANG_WARN__DUPLICATE_METHOD_MATCH = YES;
				COPY_PHASE_STRIP = NO;
				DEBUG_INFORMATION_FORMAT = "dwarf-with-dsym";
				ENABLE_NS_ASSERTIONS = NO;
				ENABLE_STRICT_OBJC_MSGSEND = YES;
				GCC_C_LANGUAGE_STANDARD = gnu11;
				GCC_NO_COMMON_BLOCKS = YES;
				GCC_WARN_64_TO_32_BIT_CONVERSION = YES;
				GCC_WARN_ABOUT_RETURN_TYPE = YES_ERROR;
				GCC_WARN_UNDECLARED_SELECTOR = YES;
				GCC_WARN_UNINITIALIZED_AUTOS = YES_AGGRESSIVE;
				GCC_WARN_UNUSED_FUNCTION = YES;
				GCC_WARN_UNUSED_VARIABLE = YES;
				IPHONEOS_DEPLOYMENT_TARGET = 16.4;
				MTL_ENABLE_DEBUG_INFO = NO;
				MTL_FAST_MATH = YES;
				SDKROOT = iphoneos;
				SWIFT_COMPILATION_MODE = wholemodule;
				SWIFT_OPTIMIZATION_LEVEL = "-O";
				VALIDATE_PRODUCT = YES;
			};
			name = Release;
		};
		401511B82A2BBC5200CB89FE /* Debug */ = {
			isa = XCBuildConfiguration;
			buildSettings = {
				ASSETCATALOG_COMPILER_APPICON_NAME = AppIcon;
				ASSETCATALOG_COMPILER_GLOBAL_ACCENT_COLOR_NAME = AccentColor;
				CODE_SIGN_STYLE = Automatic;
				CURRENT_PROJECT_VERSION = 1;
				DEVELOPMENT_ASSET_PATHS = "\"XsAndOs/Preview Content\"";
				DEVELOPMENT_TEAM = 7BF453L282;
				ENABLE_PREVIEWS = YES;
				GENERATE_INFOPLIST_FILE = YES;
				INFOPLIST_KEY_UIApplicationSceneManifest_Generation = YES;
				INFOPLIST_KEY_UIApplicationSupportsIndirectInputEvents = YES;
				INFOPLIST_KEY_UILaunchScreen_Generation = YES;
				INFOPLIST_KEY_UILaunchStoryboardName = "Launch Screen.storyboard";
				INFOPLIST_KEY_UISupportedInterfaceOrientations = UIInterfaceOrientationPortrait;
				INFOPLIST_KEY_UISupportedInterfaceOrientations_iPad = "UIInterfaceOrientationLandscapeLeft UIInterfaceOrientationLandscapeRight UIInterfaceOrientationPortrait UIInterfaceOrientationPortraitUpsideDown";
				LD_RUNPATH_SEARCH_PATHS = (
					"$(inherited)",
					"@executable_path/Frameworks",
				);
				MARKETING_VERSION = 1.0;
				PRODUCT_BUNDLE_IDENTIFIER = freecode.pythonanywhere.www.XsAndOs;
				PRODUCT_NAME = "$(TARGET_NAME)";
				SWIFT_EMIT_LOC_STRINGS = YES;
				SWIFT_VERSION = 5.0;
				TARGETED_DEVICE_FAMILY = "1,2";
			};
			name = Debug;
		};
		401511B92A2BBC5200CB89FE /* Release */ = {
			isa = XCBuildConfiguration;
			buildSettings = {
				ASSETCATALOG_COMPILER_APPICON_NAME = AppIcon;
				ASSETCATALOG_COMPILER_GLOBAL_ACCENT_COLOR_NAME = AccentColor;
				CODE_SIGN_STYLE = Automatic;
				CURRENT_PROJECT_VERSION = 1;
				DEVELOPMENT_ASSET_PATHS = "\"XsAndOs/Preview Content\"";
				DEVELOPMENT_TEAM = 7BF453L282;
				ENABLE_PREVIEWS = YES;
				GENERATE_INFOPLIST_FILE = YES;
				INFOPLIST_KEY_UIApplicationSceneManifest_Generation = YES;
				INFOPLIST_KEY_UIApplicationSupportsIndirectInputEvents = YES;
				INFOPLIST_KEY_UILaunchScreen_Generation = YES;
				INFOPLIST_KEY_UILaunchStoryboardName = "Launch Screen.storyboard";
				INFOPLIST_KEY_UISupportedInterfaceOrientations = UIInterfaceOrientationPortrait;
				INFOPLIST_KEY_UISupportedInterfaceOrientations_iPad = "UIInterfaceOrientationLandscapeLeft UIInterfaceOrientationLandscapeRight UIInterfaceOrientationPortrait UIInterfaceOrientationPortraitUpsideDown";
				LD_RUNPATH_SEARCH_PATHS = (
					"$(inherited)",
					"@executable_path/Frameworks",
				);
				MARKETING_VERSION = 1.0;
				PRODUCT_BUNDLE_IDENTIFIER = freecode.pythonanywhere.www.XsAndOs;
				PRODUCT_NAME = "$(TARGET_NAME)";
				SWIFT_EMIT_LOC_STRINGS = YES;
				SWIFT_VERSION = 5.0;
				TARGETED_DEVICE_FAMILY = "1,2";
			};
			name = Release;
		};
/* End XCBuildConfiguration section */

/* Begin XCConfigurationList section */
		401511A42A2BBC5000CB89FE /* Build configuration list for PBXProject "XsAndOs" */ = {
			isa = XCConfigurationList;
			buildConfigurations = (
				401511B52A2BBC5200CB89FE /* Debug */,
				401511B62A2BBC5200CB89FE /* Release */,
			);
			defaultConfigurationIsVisible = 0;
			defaultConfigurationName = Release;
		};
		401511B72A2BBC5200CB89FE /* Build configuration list for PBXNativeTarget "XsAndOs" */ = {
			isa = XCConfigurationList;
			buildConfigurations = (
				401511B82A2BBC5200CB89FE /* Debug */,
				401511B92A2BBC5200CB89FE /* Release */,
			);
			defaultConfigurationIsVisible = 0;
			defaultConfigurationName = Release;
		};
/* End XCConfigurationList section */
	};
	rootObject = 401511A12A2BBC5000CB89FE /* Project object */;
}
